
Microsoft Visual Studio Solution File, Format Version 12.00
Project("{FAE04EC0-301F-11D3-BF4B-00C04F79EFBC}") = "TGC.HomeAutomation.API", "TGC.HomeAutomation.API\TGC.HomeAutomation.API.csproj", "{E1FD8364-89D4-4019-AF71-D3672FC50829}"
EndProject
Project("{FAE04EC0-301F-11D3-BF4B-00C04F79EFBC}") = "TGC.HomeAutomation.TestDevice", "TGC.HomeAutomation.TestDevice\TGC.HomeAutomation.TestDevice.csproj", "{1FD9C8A7-F277-4C65-96AB-13F5EE8DD31C}"
EndProject
Project("{FAE04EC0-301F-11D3-BF4B-00C04F79EFBC}") = "TGC.HomeAutomation.Api.IntegrationTests", "TGC.HomeAutomation.Api.IntegrationTests\TGC.HomeAutomation.Api.IntegrationTests.csproj", "{231E79B9-50D1-4CC2-A29B-A34E5A4072BB}"
EndProject
Project("{FAE04EC0-301F-11D3-BF4B-00C04F79EFBC}") = "TGC.HomeAutomation.TestConsole", "TGC.HomeAutomation.TestConsole\TGC.HomeAutomation.TestConsole.csproj", "{AF19E21C-BB27-4DA2-981B-456A6BC1FBA2}"
EndProject
Project("{FAE04EC0-301F-11D3-BF4B-00C04F79EFBC}") = "TGC.WebApi.Communication", "TGC.WebApi.Communication\TGC.WebApi.Communication.csproj", "{C240D9CB-5910-4B0F-9F32-2A5D25D45A72}"
EndProject
Project("{FAE04EC0-301F-11D3-BF4B-00C04F79EFBC}") = "TGC.OpenWeatherApi", "TGC.OpenWeatherApi\TGC.OpenWeatherApi.csproj", "{4FE5A95E-3BD1-45AA-B682-D5D420F08869}"
EndProject
Project("{2150E333-8FDC-42A3-9474-1A3956D46DE8}") = "tests", "tests", "{EDF0D271-B938-4CB4-9FC8-EC6E5E2FF8C3}"
EndProject
Project("{2150E333-8FDC-42A3-9474-1A3956D46DE8}") = "src", "src", "{BE54CF9E-5552-4784-B551-DA2CEC54BBD5}"
EndProject
Project("{FAE04EC0-301F-11D3-BF4B-00C04F79EFBC}") = "TGC.HomeAutomation.Domain", "TGC.HomeAutomation.Domain\TGC.HomeAutomation.Domain.csproj", "{A7EA6C19-A6A9-4D01-8288-26397FE72B5E}"
EndProject
Project("{FAE04EC0-301F-11D3-BF4B-00C04F79EFBC}") = "TGC.HomeAutomation.Infrastructure", "TGC.HomeAutomation.Infrastructure\TGC.HomeAutomation.Infrastructure.csproj", "{CBC0E173-F448-496F-BFA3-BABC18CBDCF7}"
EndProject
Project("{FAE04EC0-301F-11D3-BF4B-00C04F79EFBC}") = "TGC.HomeAutomation.Application", "TGC.HomeAutomation.Application\TGC.HomeAutomation.Application.csproj", "{F9289F96-D5DA-40FE-826B-0739F202B86F}"
EndProject
Project("{FAE04EC0-301F-11D3-BF4B-00C04F79EFBC}") = "TGC.HomeAutomation.ArchitectureTests", "TGC.HomeAutomation.ArchitectureTests\TGC.HomeAutomation.ArchitectureTests.csproj", "{CC542462-0DA3-48A3-9A12-672E9F127D1C}"
EndProject
Global
	GlobalSection(SolutionConfigurationPlatforms) = preSolution
		Debug|Any CPU = Debug|Any CPU
		Release|Any CPU = Release|Any CPU
	EndGlobalSection
	GlobalSection(ProjectConfigurationPlatforms) = postSolution
		{E1FD8364-89D4-4019-AF71-D3672FC50829}.Debug|Any CPU.ActiveCfg = Debug|Any CPU
		{E1FD8364-89D4-4019-AF71-D3672FC50829}.Debug|Any CPU.Build.0 = Debug|Any CPU
		{E1FD8364-89D4-4019-AF71-D3672FC50829}.Release|Any CPU.ActiveCfg = Release|Any CPU
		{E1FD8364-89D4-4019-AF71-D3672FC50829}.Release|Any CPU.Build.0 = Release|Any CPU
		{1FD9C8A7-F277-4C65-96AB-13F5EE8DD31C}.Debug|Any CPU.ActiveCfg = Debug|Any CPU
		{1FD9C8A7-F277-4C65-96AB-13F5EE8DD31C}.Debug|Any CPU.Build.0 = Debug|Any CPU
		{1FD9C8A7-F277-4C65-96AB-13F5EE8DD31C}.Release|Any CPU.ActiveCfg = Release|Any CPU
		{1FD9C8A7-F277-4C65-96AB-13F5EE8DD31C}.Release|Any CPU.Build.0 = Release|Any CPU
		{231E79B9-50D1-4CC2-A29B-A34E5A4072BB}.Debug|Any CPU.ActiveCfg = Debug|Any CPU
		{231E79B9-50D1-4CC2-A29B-A34E5A4072BB}.Debug|Any CPU.Build.0 = Debug|Any CPU
		{231E79B9-50D1-4CC2-A29B-A34E5A4072BB}.Release|Any CPU.ActiveCfg = Release|Any CPU
		{231E79B9-50D1-4CC2-A29B-A34E5A4072BB}.Release|Any CPU.Build.0 = Release|Any CPU
		{AF19E21C-BB27-4DA2-981B-456A6BC1FBA2}.Debug|Any CPU.ActiveCfg = Debug|Any CPU
		{AF19E21C-BB27-4DA2-981B-456A6BC1FBA2}.Debug|Any CPU.Build.0 = Debug|Any CPU
		{AF19E21C-BB27-4DA2-981B-456A6BC1FBA2}.Release|Any CPU.ActiveCfg = Release|Any CPU
		{AF19E21C-BB27-4DA2-981B-456A6BC1FBA2}.Release|Any CPU.Build.0 = Release|Any CPU
		{C240D9CB-5910-4B0F-9F32-2A5D25D45A72}.Debug|Any CPU.ActiveCfg = Debug|Any CPU
		{C240D9CB-5910-4B0F-9F32-2A5D25D45A72}.Debug|Any CPU.Build.0 = Debug|Any CPU
		{C240D9CB-5910-4B0F-9F32-2A5D25D45A72}.Release|Any CPU.ActiveCfg = Release|Any CPU
		{C240D9CB-5910-4B0F-9F32-2A5D25D45A72}.Release|Any CPU.Build.0 = Release|Any CPU
		{4FE5A95E-3BD1-45AA-B682-D5D420F08869}.Debug|Any CPU.ActiveCfg = Debug|Any CPU
		{4FE5A95E-3BD1-45AA-B682-D5D420F08869}.Debug|Any CPU.Build.0 = Debug|Any CPU
		{4FE5A95E-3BD1-45AA-B682-D5D420F08869}.Release|Any CPU.ActiveCfg = Release|Any CPU
		{4FE5A95E-3BD1-45AA-B682-D5D420F08869}.Release|Any CPU.Build.0 = Release|Any CPU
		{A7EA6C19-A6A9-4D01-8288-26397FE72B5E}.Debug|Any CPU.ActiveCfg = Debug|Any CPU
		{A7EA6C19-A6A9-4D01-8288-26397FE72B5E}.Debug|Any CPU.Build.0 = Debug|Any CPU
		{A7EA6C19-A6A9-4D01-8288-26397FE72B5E}.Release|Any CPU.ActiveCfg = Release|Any CPU
		{A7EA6C19-A6A9-4D01-8288-26397FE72B5E}.Release|Any CPU.Build.0 = Release|Any CPU
		{CBC0E173-F448-496F-BFA3-BABC18CBDCF7}.Debug|Any CPU.ActiveCfg = Debug|Any CPU
		{CBC0E173-F448-496F-BFA3-BABC18CBDCF7}.Debug|Any CPU.Build.0 = Debug|Any CPU
		{CBC0E173-F448-496F-BFA3-BABC18CBDCF7}.Release|Any CPU.ActiveCfg = Release|Any CPU
		{CBC0E173-F448-496F-BFA3-BABC18CBDCF7}.Release|Any CPU.Build.0 = Release|Any CPU
		{F9289F96-D5DA-40FE-826B-0739F202B86F}.Debug|Any CPU.ActiveCfg = Debug|Any CPU
		{F9289F96-D5DA-40FE-826B-0739F202B86F}.Debug|Any CPU.Build.0 = Debug|Any CPU
		{F9289F96-D5DA-40FE-826B-0739F202B86F}.Release|Any CPU.ActiveCfg = Release|Any CPU
		{F9289F96-D5DA-40FE-826B-0739F202B86F}.Release|Any CPU.Build.0 = Release|Any CPU
		{CC542462-0DA3-48A3-9A12-672E9F127D1C}.Debug|Any CPU.ActiveCfg = Debug|Any CPU
		{CC542462-0DA3-48A3-9A12-672E9F127D1C}.Debug|Any CPU.Build.0 = Debug|Any CPU
		{CC542462-0DA3-48A3-9A12-672E9F127D1C}.Release|Any CPU.ActiveCfg = Release|Any CPU
		{CC542462-0DA3-48A3-9A12-672E9F127D1C}.Release|Any CPU.Build.0 = Release|Any CPU
	EndGlobalSection
	GlobalSection(NestedProjects) = preSolution
		{E1FD8364-89D4-4019-AF71-D3672FC50829} = {BE54CF9E-5552-4784-B551-DA2CEC54BBD5}
		{231E79B9-50D1-4CC2-A29B-A34E5A4072BB} = {EDF0D271-B938-4CB4-9FC8-EC6E5E2FF8C3}
		{AF19E21C-BB27-4DA2-981B-456A6BC1FBA2} = {EDF0D271-B938-4CB4-9FC8-EC6E5E2FF8C3}
		{1FD9C8A7-F277-4C65-96AB-13F5EE8DD31C} = {EDF0D271-B938-4CB4-9FC8-EC6E5E2FF8C3}
		{A7EA6C19-A6A9-4D01-8288-26397FE72B5E} = {BE54CF9E-5552-4784-B551-DA2CEC54BBD5}
		{CBC0E173-F448-496F-BFA3-BABC18CBDCF7} = {BE54CF9E-5552-4784-B551-DA2CEC54BBD5}
		{F9289F96-D5DA-40FE-826B-0739F202B86F} = {BE54CF9E-5552-4784-B551-DA2CEC54BBD5}
		{CC542462-0DA3-48A3-9A12-672E9F127D1C} = {EDF0D271-B938-4CB4-9FC8-EC6E5E2FF8C3}
	EndGlobalSection
EndGlobal
