
Microsoft Visual Studio Solution File, Format Version 12.00
Project("{FAE04EC0-301F-11D3-BF4B-00C04F79EFBC}") = "TGC.HomeAutomation.API", "TGC.HomeAutomation.API\TGC.HomeAutomation.API.csproj", "{E1FD8364-89D4-4019-AF71-D3672FC50829}"
EndProject
Project("{FAE04EC0-301F-11D3-BF4B-00C04F79EFBC}") = "TGC.HomeAutomation.TestDevice", "TGC.HomeAutomation.TestDevice\TGC.HomeAutomation.TestDevice.csproj", "{1FD9C8A7-F277-4C65-96AB-13F5EE8DD31C}"
EndProject
Project("{FAE04EC0-301F-11D3-BF4B-00C04F79EFBC}") = "TGC.HomeAutomation.Api.IntegrationTests", "TGC.HomeAutomation.Api.IntegrationTests\TGC.HomeAutomation.Api.IntegrationTests.csproj", "{231E79B9-50D1-4CC2-A29B-A34E5A4072BB}"
EndProject
Global
	GlobalSection(SolutionConfigurationPlatforms) = preSolution
		Debug|Any CPU = Debug|Any CPU
		Release|Any CPU = Release|Any CPU
	EndGlobalSection
	GlobalSection(ProjectConfigurationPlatforms) = postSolution
		{E1FD8364-89D4-4019-AF71-D3672FC50829}.Debug|Any CPU.ActiveCfg = Debug|Any CPU
		{E1FD8364-89D4-4019-AF71-D3672FC50829}.Debug|Any CPU.Build.0 = Debug|Any CPU
		{E1FD8364-89D4-4019-AF71-D3672FC50829}.Release|Any CPU.ActiveCfg = Release|Any CPU
		{E1FD8364-89D4-4019-AF71-D3672FC50829}.Release|Any CPU.Build.0 = Release|Any CPU
		{1FD9C8A7-F277-4C65-96AB-13F5EE8DD31C}.Debug|Any CPU.ActiveCfg = Debug|Any CPU
		{1FD9C8A7-F277-4C65-96AB-13F5EE8DD31C}.Debug|Any CPU.Build.0 = Debug|Any CPU
		{1FD9C8A7-F277-4C65-96AB-13F5EE8DD31C}.Release|Any CPU.ActiveCfg = Release|Any CPU
		{1FD9C8A7-F277-4C65-96AB-13F5EE8DD31C}.Release|Any CPU.Build.0 = Release|Any CPU
		{231E79B9-50D1-4CC2-A29B-A34E5A4072BB}.Debug|Any CPU.ActiveCfg = Debug|Any CPU
		{231E79B9-50D1-4CC2-A29B-A34E5A4072BB}.Debug|Any CPU.Build.0 = Debug|Any CPU
		{231E79B9-50D1-4CC2-A29B-A34E5A4072BB}.Release|Any CPU.ActiveCfg = Release|Any CPU
		{231E79B9-50D1-4CC2-A29B-A34E5A4072BB}.Release|Any CPU.Build.0 = Release|Any CPU
	EndGlobalSection
EndGlobal
